
Microsoft Visual Studio Solution File, Format Version 12.00
# Visual Studio Version 17
VisualStudioVersion = 17.3.32825.248
MinimumVisualStudioVersion = 10.0.40219.1
Project("{2150E333-8FDC-42A3-9474-1A3956D46DE8}") = "src", "src", "{64983483-6527-4174-87AF-0E6AA30BDAED}"
EndProject
Project("{2150E333-8FDC-42A3-9474-1A3956D46DE8}") = "corePackages", "corePackages", "{18C78C73-736F-4717-93C8-20EA04EC0812}"
EndProject
Project("{2150E333-8FDC-42A3-9474-1A3956D46DE8}") = "demoProjects", "demoProjects", "{E7DFDF30-DC19-44BE-84C0-03C63A724AFC}"
EndProject
Project("{FAE04EC0-301F-11D3-BF4B-00C04F79EFBC}") = "Core.Application", "src\corePackages\Core.Application\Core.Application.csproj", "{950007F4-DDF9-4BE1-8663-D7E4F726C978}"
EndProject
Project("{FAE04EC0-301F-11D3-BF4B-00C04F79EFBC}") = "Core.CrossCuttingConcerns", "src\corePackages\Core.CrossCuttingConcerns\Core.CrossCuttingConcerns.csproj", "{334AC9D1-6A81-489F-B1B3-7023323BD9A7}"
EndProject
Project("{FAE04EC0-301F-11D3-BF4B-00C04F79EFBC}") = "Core.ElasticSearch", "src\corePackages\Core.ElasticSearch\Core.ElasticSearch.csproj", "{37A1B052-B5EF-40E6-9CF7-863B079086B3}"
EndProject
Project("{FAE04EC0-301F-11D3-BF4B-00C04F79EFBC}") = "Core.Mailing", "src\corePackages\Core.Mailing\Core.Mailing.csproj", "{CE4BE551-3E11-4319-AE5B-6D13590FB67F}"
EndProject
Project("{FAE04EC0-301F-11D3-BF4B-00C04F79EFBC}") = "Core.Persistence", "src\corePackages\Core.Persistence\Core.Persistence.csproj", "{D514E8AB-5183-43BD-BEBF-3F2AF4FDC0AB}"
EndProject
Project("{FAE04EC0-301F-11D3-BF4B-00C04F79EFBC}") = "Core.Security", "src\corePackages\Core.Security\Core.Security.csproj", "{3F7CEB2B-B88C-47EF-A9AE-576CCE2560BB}"
EndProject
Project("{2150E333-8FDC-42A3-9474-1A3956D46DE8}") = "kodlamaIoDevs", "kodlamaIoDevs", "{D5AD96C5-DF9F-4C42-B99C-45FB003129F7}"
EndProject
Project("{FAE04EC0-301F-11D3-BF4B-00C04F79EFBC}") = "Application", "src\demoProjects\kodlamaIoDevs\Application\Application.csproj", "{3CF64CFD-4CCA-46B8-9D55-1752994D559D}"
EndProject
Project("{FAE04EC0-301F-11D3-BF4B-00C04F79EFBC}") = "Domain", "src\demoProjects\kodlamaIoDevs\Domain\Domain.csproj", "{13BE04A3-347F-4331-AF43-8E0F745DCF98}"
EndProject
Project("{FAE04EC0-301F-11D3-BF4B-00C04F79EFBC}") = "Infrastructure", "src\demoProjects\kodlamaIoDevs\Infrastructure\Infrastructure.csproj", "{FFEF0902-F6E7-4CF8-B04B-B7BD68F3EC4D}"
EndProject
Project("{FAE04EC0-301F-11D3-BF4B-00C04F79EFBC}") = "Persistence", "src\demoProjects\kodlamaIoDevs\Persistence\Persistence.csproj", "{9F7933B1-9B47-460B-840B-751974551EA1}"
EndProject
Project("{FAE04EC0-301F-11D3-BF4B-00C04F79EFBC}") = "WebAPI", "src\demoProjects\kodlamaIoDevs\WebAPI\WebAPI.csproj", "{B21F8CCA-10AF-40CD-97DE-A3A57AC60E94}"
EndProject
Global
	GlobalSection(SolutionConfigurationPlatforms) = preSolution
		Debug|Any CPU = Debug|Any CPU
		Release|Any CPU = Release|Any CPU
	EndGlobalSection
	GlobalSection(ProjectConfigurationPlatforms) = postSolution
		{950007F4-DDF9-4BE1-8663-D7E4F726C978}.Debug|Any CPU.ActiveCfg = Debug|Any CPU
		{950007F4-DDF9-4BE1-8663-D7E4F726C978}.Debug|Any CPU.Build.0 = Debug|Any CPU
		{950007F4-DDF9-4BE1-8663-D7E4F726C978}.Release|Any CPU.ActiveCfg = Release|Any CPU
		{950007F4-DDF9-4BE1-8663-D7E4F726C978}.Release|Any CPU.Build.0 = Release|Any CPU
		{334AC9D1-6A81-489F-B1B3-7023323BD9A7}.Debug|Any CPU.ActiveCfg = Debug|Any CPU
		{334AC9D1-6A81-489F-B1B3-7023323BD9A7}.Debug|Any CPU.Build.0 = Debug|Any CPU
		{334AC9D1-6A81-489F-B1B3-7023323BD9A7}.Release|Any CPU.ActiveCfg = Release|Any CPU
		{334AC9D1-6A81-489F-B1B3-7023323BD9A7}.Release|Any CPU.Build.0 = Release|Any CPU
		{37A1B052-B5EF-40E6-9CF7-863B079086B3}.Debug|Any CPU.ActiveCfg = Debug|Any CPU
		{37A1B052-B5EF-40E6-9CF7-863B079086B3}.Debug|Any CPU.Build.0 = Debug|Any CPU
		{37A1B052-B5EF-40E6-9CF7-863B079086B3}.Release|Any CPU.ActiveCfg = Release|Any CPU
		{37A1B052-B5EF-40E6-9CF7-863B079086B3}.Release|Any CPU.Build.0 = Release|Any CPU
		{CE4BE551-3E11-4319-AE5B-6D13590FB67F}.Debug|Any CPU.ActiveCfg = Debug|Any CPU
		{CE4BE551-3E11-4319-AE5B-6D13590FB67F}.Debug|Any CPU.Build.0 = Debug|Any CPU
		{CE4BE551-3E11-4319-AE5B-6D13590FB67F}.Release|Any CPU.ActiveCfg = Release|Any CPU
		{CE4BE551-3E11-4319-AE5B-6D13590FB67F}.Release|Any CPU.Build.0 = Release|Any CPU
		{D514E8AB-5183-43BD-BEBF-3F2AF4FDC0AB}.Debug|Any CPU.ActiveCfg = Debug|Any CPU
		{D514E8AB-5183-43BD-BEBF-3F2AF4FDC0AB}.Debug|Any CPU.Build.0 = Debug|Any CPU
		{D514E8AB-5183-43BD-BEBF-3F2AF4FDC0AB}.Release|Any CPU.ActiveCfg = Release|Any CPU
		{D514E8AB-5183-43BD-BEBF-3F2AF4FDC0AB}.Release|Any CPU.Build.0 = Release|Any CPU
		{3F7CEB2B-B88C-47EF-A9AE-576CCE2560BB}.Debug|Any CPU.ActiveCfg = Debug|Any CPU
		{3F7CEB2B-B88C-47EF-A9AE-576CCE2560BB}.Debug|Any CPU.Build.0 = Debug|Any CPU
		{3F7CEB2B-B88C-47EF-A9AE-576CCE2560BB}.Release|Any CPU.ActiveCfg = Release|Any CPU
		{3F7CEB2B-B88C-47EF-A9AE-576CCE2560BB}.Release|Any CPU.Build.0 = Release|Any CPU
		{3CF64CFD-4CCA-46B8-9D55-1752994D559D}.Debug|Any CPU.ActiveCfg = Debug|Any CPU
		{3CF64CFD-4CCA-46B8-9D55-1752994D559D}.Debug|Any CPU.Build.0 = Debug|Any CPU
		{3CF64CFD-4CCA-46B8-9D55-1752994D559D}.Release|Any CPU.ActiveCfg = Release|Any CPU
		{3CF64CFD-4CCA-46B8-9D55-1752994D559D}.Release|Any CPU.Build.0 = Release|Any CPU
		{13BE04A3-347F-4331-AF43-8E0F745DCF98}.Debug|Any CPU.ActiveCfg = Debug|Any CPU
		{13BE04A3-347F-4331-AF43-8E0F745DCF98}.Debug|Any CPU.Build.0 = Debug|Any CPU
		{13BE04A3-347F-4331-AF43-8E0F745DCF98}.Release|Any CPU.ActiveCfg = Release|Any CPU
		{13BE04A3-347F-4331-AF43-8E0F745DCF98}.Release|Any CPU.Build.0 = Release|Any CPU
		{FFEF0902-F6E7-4CF8-B04B-B7BD68F3EC4D}.Debug|Any CPU.ActiveCfg = Debug|Any CPU
		{FFEF0902-F6E7-4CF8-B04B-B7BD68F3EC4D}.Debug|Any CPU.Build.0 = Debug|Any CPU
		{FFEF0902-F6E7-4CF8-B04B-B7BD68F3EC4D}.Release|Any CPU.ActiveCfg = Release|Any CPU
		{FFEF0902-F6E7-4CF8-B04B-B7BD68F3EC4D}.Release|Any CPU.Build.0 = Release|Any CPU
		{9F7933B1-9B47-460B-840B-751974551EA1}.Debug|Any CPU.ActiveCfg = Debug|Any CPU
		{9F7933B1-9B47-460B-840B-751974551EA1}.Debug|Any CPU.Build.0 = Debug|Any CPU
		{9F7933B1-9B47-460B-840B-751974551EA1}.Release|Any CPU.ActiveCfg = Release|Any CPU
		{9F7933B1-9B47-460B-840B-751974551EA1}.Release|Any CPU.Build.0 = Release|Any CPU
		{B21F8CCA-10AF-40CD-97DE-A3A57AC60E94}.Debug|Any CPU.ActiveCfg = Debug|Any CPU
		{B21F8CCA-10AF-40CD-97DE-A3A57AC60E94}.Debug|Any CPU.Build.0 = Debug|Any CPU
		{B21F8CCA-10AF-40CD-97DE-A3A57AC60E94}.Release|Any CPU.ActiveCfg = Release|Any CPU
		{B21F8CCA-10AF-40CD-97DE-A3A57AC60E94}.Release|Any CPU.Build.0 = Release|Any CPU
	EndGlobalSection
	GlobalSection(SolutionProperties) = preSolution
		HideSolutionNode = FALSE
	EndGlobalSection
	GlobalSection(NestedProjects) = preSolution
		{18C78C73-736F-4717-93C8-20EA04EC0812} = {64983483-6527-4174-87AF-0E6AA30BDAED}
		{E7DFDF30-DC19-44BE-84C0-03C63A724AFC} = {64983483-6527-4174-87AF-0E6AA30BDAED}
		{950007F4-DDF9-4BE1-8663-D7E4F726C978} = {18C78C73-736F-4717-93C8-20EA04EC0812}
		{334AC9D1-6A81-489F-B1B3-7023323BD9A7} = {18C78C73-736F-4717-93C8-20EA04EC0812}
		{37A1B052-B5EF-40E6-9CF7-863B079086B3} = {18C78C73-736F-4717-93C8-20EA04EC0812}
		{CE4BE551-3E11-4319-AE5B-6D13590FB67F} = {18C78C73-736F-4717-93C8-20EA04EC0812}
		{D514E8AB-5183-43BD-BEBF-3F2AF4FDC0AB} = {18C78C73-736F-4717-93C8-20EA04EC0812}
		{3F7CEB2B-B88C-47EF-A9AE-576CCE2560BB} = {18C78C73-736F-4717-93C8-20EA04EC0812}
		{D5AD96C5-DF9F-4C42-B99C-45FB003129F7} = {E7DFDF30-DC19-44BE-84C0-03C63A724AFC}
		{3CF64CFD-4CCA-46B8-9D55-1752994D559D} = {D5AD96C5-DF9F-4C42-B99C-45FB003129F7}
		{13BE04A3-347F-4331-AF43-8E0F745DCF98} = {D5AD96C5-DF9F-4C42-B99C-45FB003129F7}
		{FFEF0902-F6E7-4CF8-B04B-B7BD68F3EC4D} = {D5AD96C5-DF9F-4C42-B99C-45FB003129F7}
		{9F7933B1-9B47-460B-840B-751974551EA1} = {D5AD96C5-DF9F-4C42-B99C-45FB003129F7}
		{B21F8CCA-10AF-40CD-97DE-A3A57AC60E94} = {D5AD96C5-DF9F-4C42-B99C-45FB003129F7}
	EndGlobalSection
	GlobalSection(ExtensibilityGlobals) = postSolution
		SolutionGuid = {D5614A46-DEC9-4A30-BDA1-AAD227FEE190}
	EndGlobalSection
EndGlobal
